// !$*UTF8*$!
{
	archiveVersion = 1;
	classes = {
	};
	objectVersion = 77;
	objects = {

/* Begin PBXBuildFile section */
		2A2FF6532D9C6CA000A81EB1 /* FirebaseAnalytics in Frameworks */ = {isa = PBXBuildFile; productRef = 2A2FF6522D9C6CA000A81EB1 /* FirebaseAnalytics */; };
		2A2FF6552D9C6CA000A81EB1 /* FirebaseFirestore in Frameworks */ = {isa = PBXBuildFile; productRef = 2A2FF6542D9C6CA000A81EB1 /* FirebaseFirestore */; };
		2A2FF65F2D9C6D2300A81EB1 /* FirebaseAuth in Frameworks */ = {isa = PBXBuildFile; productRef = 2A2FF65E2D9C6D2300A81EB1 /* FirebaseAuth */; };
/* End PBXBuildFile section */

/* Begin PBXContainerItemProxy section */
		2A2FF6282D9C6BBC00A81EB1 /* PBXContainerItemProxy */ = {
			isa = PBXContainerItemProxy;
			containerPortal = 2A2FF6112D9C6BBA00A81EB1 /* Project object */;
			proxyType = 1;
			remoteGlobalIDString = 2A2FF6182D9C6BBA00A81EB1;
			remoteInfo = DevLokosOnlineDocSwiftUI;
		};
		2A2FF6322D9C6BBC00A81EB1 /* PBXContainerItemProxy */ = {
			isa = PBXContainerItemProxy;
			containerPortal = 2A2FF6112D9C6BBA00A81EB1 /* Project object */;
			proxyType = 1;
			remoteGlobalIDString = 2A2FF6182D9C6BBA00A81EB1;
			remoteInfo = DevLokosOnlineDocSwiftUI;
		};
/* End PBXContainerItemProxy section */

/* Begin PBXFileReference section */
		2A2FF6192D9C6BBA00A81EB1 /* DevLokosOnlineDocSwiftUI.app */ = {isa = PBXFileReference; explicitFileType = wrapper.application; includeInIndex = 0; path = DevLokosOnlineDocSwiftUI.app; sourceTree = BUILT_PRODUCTS_DIR; };
		2A2FF6272D9C6BBC00A81EB1 /* DevLokosOnlineDocSwiftUITests.xctest */ = {isa = PBXFileReference; explicitFileType = wrapper.cfbundle; includeInIndex = 0; path = DevLokosOnlineDocSwiftUITests.xctest; sourceTree = BUILT_PRODUCTS_DIR; };
		2A2FF6312D9C6BBC00A81EB1 /* DevLokosOnlineDocSwiftUIUITests.xctest */ = {isa = PBXFileReference; explicitFileType = wrapper.cfbundle; includeInIndex = 0; path = DevLokosOnlineDocSwiftUIUITests.xctest; sourceTree = BUILT_PRODUCTS_DIR; };
/* End PBXFileReference section */

/* Begin PBXFileSystemSynchronizedRootGroup section */
		2A2FF61B2D9C6BBA00A81EB1 /* DevLokosOnlineDocSwiftUI */ = {
			isa = PBXFileSystemSynchronizedRootGroup;
			path = DevLokosOnlineDocSwiftUI;
			sourceTree = "<group>";
		};
		2A2FF62A2D9C6BBC00A81EB1 /* DevLokosOnlineDocSwiftUITests */ = {
			isa = PBXFileSystemSynchronizedRootGroup;
			path = DevLokosOnlineDocSwiftUITests;
			sourceTree = "<group>";
		};
		2A2FF6342D9C6BBC00A81EB1 /* DevLokosOnlineDocSwiftUIUITests */ = {
			isa = PBXFileSystemSynchronizedRootGroup;
			path = DevLokosOnlineDocSwiftUIUITests;
			sourceTree = "<group>";
		};
/* End PBXFileSystemSynchronizedRootGroup section */

/* Begin PBXFrameworksBuildPhase section */
		2A2FF6162D9C6BBA00A81EB1 /* Frameworks */ = {
			isa = PBXFrameworksBuildPhase;
			buildActionMask = 2147483647;
			files = (
				2A2FF6532D9C6CA000A81EB1 /* FirebaseAnalytics in Frameworks */,
				2A2FF65F2D9C6D2300A81EB1 /* FirebaseAuth in Frameworks */,
				2A2FF6552D9C6CA000A81EB1 /* FirebaseFirestore in Frameworks */,
			);
			runOnlyForDeploymentPostprocessing = 0;
		};
		2A2FF6242D9C6BBC00A81EB1 /* Frameworks */ = {
			isa = PBXFrameworksBuildPhase;
			buildActionMask = 2147483647;
			files = (
			);
			runOnlyForDeploymentPostprocessing = 0;
		};
		2A2FF62E2D9C6BBC00A81EB1 /* Frameworks */ = {
			isa = PBXFrameworksBuildPhase;
			buildActionMask = 2147483647;
			files = (
			);
			runOnlyForDeploymentPostprocessing = 0;
		};
/* End PBXFrameworksBuildPhase section */

/* Begin PBXGroup section */
		2A2FF6102D9C6BBA00A81EB1 = {
			isa = PBXGroup;
			children = (
				2A2FF61B2D9C6BBA00A81EB1 /* DevLokosOnlineDocSwiftUI */,
				2A2FF62A2D9C6BBC00A81EB1 /* DevLokosOnlineDocSwiftUITests */,
				2A2FF6342D9C6BBC00A81EB1 /* DevLokosOnlineDocSwiftUIUITests */,
				2A2FF65D2D9C6D2300A81EB1 /* Frameworks */,
				2A2FF61A2D9C6BBA00A81EB1 /* Products */,
			);
			sourceTree = "<group>";
		};
		2A2FF61A2D9C6BBA00A81EB1 /* Products */ = {
			isa = PBXGroup;
			children = (
				2A2FF6192D9C6BBA00A81EB1 /* DevLokosOnlineDocSwiftUI.app */,
				2A2FF6272D9C6BBC00A81EB1 /* DevLokosOnlineDocSwiftUITests.xctest */,
				2A2FF6312D9C6BBC00A81EB1 /* DevLokosOnlineDocSwiftUIUITests.xctest */,
			);
			name = Products;
			sourceTree = "<group>";
		};
		2A2FF65D2D9C6D2300A81EB1 /* Frameworks */ = {
			isa = PBXGroup;
			children = (
			);
			name = Frameworks;
			sourceTree = "<group>";
		};
/* End PBXGroup section */

/* Begin PBXNativeTarget section */
		2A2FF6182D9C6BBA00A81EB1 /* DevLokosOnlineDocSwiftUI */ = {
			isa = PBXNativeTarget;
			buildConfigurationList = 2A2FF63B2D9C6BBC00A81EB1 /* Build configuration list for PBXNativeTarget "DevLokosOnlineDocSwiftUI" */;
			buildPhases = (
				2A2FF6152D9C6BBA00A81EB1 /* Sources */,
				2A2FF6162D9C6BBA00A81EB1 /* Frameworks */,
				2A2FF6172D9C6BBA00A81EB1 /* Resources */,
			);
			buildRules = (
			);
			dependencies = (
			);
			fileSystemSynchronizedGroups = (
				2A2FF61B2D9C6BBA00A81EB1 /* DevLokosOnlineDocSwiftUI */,
			);
			name = DevLokosOnlineDocSwiftUI;
			packageProductDependencies = (
				2A2FF6522D9C6CA000A81EB1 /* FirebaseAnalytics */,
				2A2FF6542D9C6CA000A81EB1 /* FirebaseFirestore */,
				2A2FF65E2D9C6D2300A81EB1 /* FirebaseAuth */,
			);
			productName = DevLokosOnlineDocSwiftUI;
			productReference = 2A2FF6192D9C6BBA00A81EB1 /* DevLokosOnlineDocSwiftUI.app */;
			productType = "com.apple.product-type.application";
		};
		2A2FF6262D9C6BBC00A81EB1 /* DevLokosOnlineDocSwiftUITests */ = {
			isa = PBXNativeTarget;
			buildConfigurationList = 2A2FF63E2D9C6BBC00A81EB1 /* Build configuration list for PBXNativeTarget "DevLokosOnlineDocSwiftUITests" */;
			buildPhases = (
				2A2FF6232D9C6BBC00A81EB1 /* Sources */,
				2A2FF6242D9C6BBC00A81EB1 /* Frameworks */,
				2A2FF6252D9C6BBC00A81EB1 /* Resources */,
			);
			buildRules = (
			);
			dependencies = (
				2A2FF6292D9C6BBC00A81EB1 /* PBXTargetDependency */,
			);
			fileSystemSynchronizedGroups = (
				2A2FF62A2D9C6BBC00A81EB1 /* DevLokosOnlineDocSwiftUITests */,
			);
			name = DevLokosOnlineDocSwiftUITests;
			packageProductDependencies = (
			);
			productName = DevLokosOnlineDocSwiftUITests;
			productReference = 2A2FF6272D9C6BBC00A81EB1 /* DevLokosOnlineDocSwiftUITests.xctest */;
			productType = "com.apple.product-type.bundle.unit-test";
		};
		2A2FF6302D9C6BBC00A81EB1 /* DevLokosOnlineDocSwiftUIUITests */ = {
			isa = PBXNativeTarget;
			buildConfigurationList = 2A2FF6412D9C6BBC00A81EB1 /* Build configuration list for PBXNativeTarget "DevLokosOnlineDocSwiftUIUITests" */;
			buildPhases = (
				2A2FF62D2D9C6BBC00A81EB1 /* Sources */,
				2A2FF62E2D9C6BBC00A81EB1 /* Frameworks */,
				2A2FF62F2D9C6BBC00A81EB1 /* Resources */,
			);
			buildRules = (
			);
			dependencies = (
				2A2FF6332D9C6BBC00A81EB1 /* PBXTargetDependency */,
			);
			fileSystemSynchronizedGroups = (
				2A2FF6342D9C6BBC00A81EB1 /* DevLokosOnlineDocSwiftUIUITests */,
			);
			name = DevLokosOnlineDocSwiftUIUITests;
			packageProductDependencies = (
			);
			productName = DevLokosOnlineDocSwiftUIUITests;
			productReference = 2A2FF6312D9C6BBC00A81EB1 /* DevLokosOnlineDocSwiftUIUITests.xctest */;
			productType = "com.apple.product-type.bundle.ui-testing";
		};
/* End PBXNativeTarget section */

/* Begin PBXProject section */
		2A2FF6112D9C6BBA00A81EB1 /* Project object */ = {
			isa = PBXProject;
			attributes = {
				BuildIndependentTargetsInParallel = 1;
				LastSwiftUpdateCheck = 1630;
				LastUpgradeCheck = 1630;
				TargetAttributes = {
					2A2FF6182D9C6BBA00A81EB1 = {
						CreatedOnToolsVersion = 16.3;
					};
					2A2FF6262D9C6BBC00A81EB1 = {
						CreatedOnToolsVersion = 16.3;
						TestTargetID = 2A2FF6182D9C6BBA00A81EB1;
					};
					2A2FF6302D9C6BBC00A81EB1 = {
						CreatedOnToolsVersion = 16.3;
						TestTargetID = 2A2FF6182D9C6BBA00A81EB1;
					};
				};
			};
			buildConfigurationList = 2A2FF6142D9C6BBA00A81EB1 /* Build configuration list for PBXProject "DevLokosOnlineDocSwiftUI" */;
			developmentRegion = en;
			hasScannedForEncodings = 0;
			knownRegions = (
				en,
				Base,
			);
			mainGroup = 2A2FF6102D9C6BBA00A81EB1;
			minimizedProjectReferenceProxies = 1;
			packageReferences = (
				2A2FF6512D9C6CA000A81EB1 /* XCRemoteSwiftPackageReference "firebase-ios-sdk" */,
			);
			preferredProjectObjectVersion = 77;
			productRefGroup = 2A2FF61A2D9C6BBA00A81EB1 /* Products */;
			projectDirPath = "";
			projectRoot = "";
			targets = (
				2A2FF6182D9C6BBA00A81EB1 /* DevLokosOnlineDocSwiftUI */,
				2A2FF6262D9C6BBC00A81EB1 /* DevLokosOnlineDocSwiftUITests */,
				2A2FF6302D9C6BBC00A81EB1 /* DevLokosOnlineDocSwiftUIUITests */,
			);
		};
/* End PBXProject section */

/* Begin PBXResourcesBuildPhase section */
		2A2FF6172D9C6BBA00A81EB1 /* Resources */ = {
			isa = PBXResourcesBuildPhase;
			buildActionMask = 2147483647;
			files = (
			);
			runOnlyForDeploymentPostprocessing = 0;
		};
		2A2FF6252D9C6BBC00A81EB1 /* Resources */ = {
			isa = PBXResourcesBuildPhase;
			buildActionMask = 2147483647;
			files = (
			);
			runOnlyForDeploymentPostprocessing = 0;
		};
		2A2FF62F2D9C6BBC00A81EB1 /* Resources */ = {
			isa = PBXResourcesBuildPhase;
			buildActionMask = 2147483647;
			files = (
			);
			runOnlyForDeploymentPostprocessing = 0;
		};
/* End PBXResourcesBuildPhase section */

/* Begin PBXSourcesBuildPhase section */
		2A2FF6152D9C6BBA00A81EB1 /* Sources */ = {
			isa = PBXSourcesBuildPhase;
			buildActionMask = 2147483647;
			files = (
			);
			runOnlyForDeploymentPostprocessing = 0;
		};
		2A2FF6232D9C6BBC00A81EB1 /* Sources */ = {
			isa = PBXSourcesBuildPhase;
			buildActionMask = 2147483647;
			files = (
			);
			runOnlyForDeploymentPostprocessing = 0;
		};
		2A2FF62D2D9C6BBC00A81EB1 /* Sources */ = {
			isa = PBXSourcesBuildPhase;
			buildActionMask = 2147483647;
			files = (
			);
			runOnlyForDeploymentPostprocessing = 0;
		};
/* End PBXSourcesBuildPhase section */

/* Begin PBXTargetDependency section */
		2A2FF6292D9C6BBC00A81EB1 /* PBXTargetDependency */ = {
			isa = PBXTargetDependency;
			target = 2A2FF6182D9C6BBA00A81EB1 /* DevLokosOnlineDocSwiftUI */;
			targetProxy = 2A2FF6282D9C6BBC00A81EB1 /* PBXContainerItemProxy */;
		};
		2A2FF6332D9C6BBC00A81EB1 /* PBXTargetDependency */ = {
			isa = PBXTargetDependency;
			target = 2A2FF6182D9C6BBA00A81EB1 /* DevLokosOnlineDocSwiftUI */;
			targetProxy = 2A2FF6322D9C6BBC00A81EB1 /* PBXContainerItemProxy */;
		};
/* End PBXTargetDependency section */

/* Begin XCBuildConfiguration section */
		2A2FF6392D9C6BBC00A81EB1 /* Debug */ = {
			isa = XCBuildConfiguration;
			buildSettings = {
				ALWAYS_SEARCH_USER_PATHS = NO;
				ASSETCATALOG_COMPILER_GENERATE_SWIFT_ASSET_SYMBOL_EXTENSIONS = YES;
				CLANG_ANALYZER_NONNULL = YES;
				CLANG_ANALYZER_NUMBER_OBJECT_CONVERSION = YES_AGGRESSIVE;
				CLANG_CXX_LANGUAGE_STANDARD = "gnu++20";
				CLANG_ENABLE_MODULES = YES;
				CLANG_ENABLE_OBJC_ARC = YES;
				CLANG_ENABLE_OBJC_WEAK = YES;
				CLANG_WARN_BLOCK_CAPTURE_AUTORELEASING = YES;
				CLANG_WARN_BOOL_CONVERSION = YES;
				CLANG_WARN_COMMA = YES;
				CLANG_WARN_CONSTANT_CONVERSION = YES;
				CLANG_WARN_DEPRECATED_OBJC_IMPLEMENTATIONS = YES;
				CLANG_WARN_DIRECT_OBJC_ISA_USAGE = YES_ERROR;
				CLANG_WARN_DOCUMENTATION_COMMENTS = YES;
				CLANG_WARN_EMPTY_BODY = YES;
				CLANG_WARN_ENUM_CONVERSION = YES;
				CLANG_WARN_INFINITE_RECURSION = YES;
				CLANG_WARN_INT_CONVERSION = YES;
				CLANG_WARN_NON_LITERAL_NULL_CONVERSION = YES;
				CLANG_WARN_OBJC_IMPLICIT_RETAIN_SELF = YES;
				CLANG_WARN_OBJC_LITERAL_CONVERSION = YES;
				CLANG_WARN_OBJC_ROOT_CLASS = YES_ERROR;
				CLANG_WARN_QUOTED_INCLUDE_IN_FRAMEWORK_HEADER = YES;
				CLANG_WARN_RANGE_LOOP_ANALYSIS = YES;
				CLANG_WARN_STRICT_PROTOTYPES = YES;
				CLANG_WARN_SUSPICIOUS_MOVE = YES;
				CLANG_WARN_UNGUARDED_AVAILABILITY = YES_AGGRESSIVE;
				CLANG_WARN_UNREACHABLE_CODE = YES;
				CLANG_WARN__DUPLICATE_METHOD_MATCH = YES;
				COPY_PHASE_STRIP = NO;
				DEBUG_INFORMATION_FORMAT = dwarf;
				DEVELOPMENT_TEAM = 5S22W76BBZ;
				ENABLE_STRICT_OBJC_MSGSEND = YES;
				ENABLE_TESTABILITY = YES;
				ENABLE_USER_SCRIPT_SANDBOXING = YES;
				GCC_C_LANGUAGE_STANDARD = gnu17;
				GCC_DYNAMIC_NO_PIC = NO;
				GCC_NO_COMMON_BLOCKS = YES;
				GCC_OPTIMIZATION_LEVEL = 0;
				GCC_PREPROCESSOR_DEFINITIONS = (
					"DEBUG=1",
					"$(inherited)",
				);
				GCC_WARN_64_TO_32_BIT_CONVERSION = YES;
				GCC_WARN_ABOUT_RETURN_TYPE = YES_ERROR;
				GCC_WARN_UNDECLARED_SELECTOR = YES;
				GCC_WARN_UNINITIALIZED_AUTOS = YES_AGGRESSIVE;
				GCC_WARN_UNUSED_FUNCTION = YES;
				GCC_WARN_UNUSED_VARIABLE = YES;
				LOCALIZATION_PREFERS_STRING_CATALOGS = YES;
				MTL_ENABLE_DEBUG_INFO = INCLUDE_SOURCE;
				MTL_FAST_MATH = YES;
				ONLY_ACTIVE_ARCH = YES;
				SWIFT_ACTIVE_COMPILATION_CONDITIONS = "DEBUG $(inherited)";
				SWIFT_OPTIMIZATION_LEVEL = "-Onone";
			};
			name = Debug;
		};
		2A2FF63A2D9C6BBC00A81EB1 /* Release */ = {
			isa = XCBuildConfiguration;
			buildSettings = {
				ALWAYS_SEARCH_USER_PATHS = NO;
				ASSETCATALOG_COMPILER_GENERATE_SWIFT_ASSET_SYMBOL_EXTENSIONS = YES;
				CLANG_ANALYZER_NONNULL = YES;
				CLANG_ANALYZER_NUMBER_OBJECT_CONVERSION = YES_AGGRESSIVE;
				CLANG_CXX_LANGUAGE_STANDARD = "gnu++20";
				CLANG_ENABLE_MODULES = YES;
				CLANG_ENABLE_OBJC_ARC = YES;
				CLANG_ENABLE_OBJC_WEAK = YES;
				CLANG_WARN_BLOCK_CAPTURE_AUTORELEASING = YES;
				CLANG_WARN_BOOL_CONVERSION = YES;
				CLANG_WARN_COMMA = YES;
				CLANG_WARN_CONSTANT_CONVERSION = YES;
				CLANG_WARN_DEPRECATED_OBJC_IMPLEMENTATIONS = YES;
				CLANG_WARN_DIRECT_OBJC_ISA_USAGE = YES_ERROR;
				CLANG_WARN_DOCUMENTATION_COMMENTS = YES;
				CLANG_WARN_EMPTY_BODY = YES;
				CLANG_WARN_ENUM_CONVERSION = YES;
				CLANG_WARN_INFINITE_RECURSION = YES;
				CLANG_WARN_INT_CONVERSION = YES;
				CLANG_WARN_NON_LITERAL_NULL_CONVERSION = YES;
				CLANG_WARN_OBJC_IMPLICIT_RETAIN_SELF = YES;
				CLANG_WARN_OBJC_LITERAL_CONVERSION = YES;
				CLANG_WARN_OBJC_ROOT_CLASS = YES_ERROR;
				CLANG_WARN_QUOTED_INCLUDE_IN_FRAMEWORK_HEADER = YES;
				CLANG_WARN_RANGE_LOOP_ANALYSIS = YES;
				CLANG_WARN_STRICT_PROTOTYPES = YES;
				CLANG_WARN_SUSPICIOUS_MOVE = YES;
				CLANG_WARN_UNGUARDED_AVAILABILITY = YES_AGGRESSIVE;
				CLANG_WARN_UNREACHABLE_CODE = YES;
				CLANG_WARN__DUPLICATE_METHOD_MATCH = YES;
				COPY_PHASE_STRIP = NO;
				DEBUG_INFORMATION_FORMAT = "dwarf-with-dsym";
				DEVELOPMENT_TEAM = 5S22W76BBZ;
				ENABLE_NS_ASSERTIONS = NO;
				ENABLE_STRICT_OBJC_MSGSEND = YES;
				ENABLE_USER_SCRIPT_SANDBOXING = YES;
				GCC_C_LANGUAGE_STANDARD = gnu17;
				GCC_NO_COMMON_BLOCKS = YES;
				GCC_WARN_64_TO_32_BIT_CONVERSION = YES;
				GCC_WARN_ABOUT_RETURN_TYPE = YES_ERROR;
				GCC_WARN_UNDECLARED_SELECTOR = YES;
				GCC_WARN_UNINITIALIZED_AUTOS = YES_AGGRESSIVE;
				GCC_WARN_UNUSED_FUNCTION = YES;
				GCC_WARN_UNUSED_VARIABLE = YES;
				LOCALIZATION_PREFERS_STRING_CATALOGS = YES;
				MTL_ENABLE_DEBUG_INFO = NO;
				MTL_FAST_MATH = YES;
				SWIFT_COMPILATION_MODE = wholemodule;
			};
			name = Release;
		};
		2A2FF63C2D9C6BBC00A81EB1 /* Debug */ = {
			isa = XCBuildConfiguration;
			buildSettings = {
				ASSETCATALOG_COMPILER_APPICON_NAME = AppIcon;
				ASSETCATALOG_COMPILER_GLOBAL_ACCENT_COLOR_NAME = AccentColor;
				CODE_SIGN_ENTITLEMENTS = DevLokosOnlineDocSwiftUI/DevLokosOnlineDocSwiftUI.entitlements;
				CODE_SIGN_STYLE = Automatic;
				CURRENT_PROJECT_VERSION = 100;
				DEVELOPMENT_TEAM = 5S22W76BBZ;
				ENABLE_HARDENED_RUNTIME = YES;
				ENABLE_PREVIEWS = YES;
				GENERATE_INFOPLIST_FILE = YES;
				INFOPLIST_KEY_CFBundleDisplayName = "Online Doc";
				"INFOPLIST_KEY_UIApplicationSceneManifest_Generation[sdk=iphoneos*]" = YES;
				"INFOPLIST_KEY_UIApplicationSceneManifest_Generation[sdk=iphonesimulator*]" = YES;
				"INFOPLIST_KEY_UIApplicationSupportsIndirectInputEvents[sdk=iphoneos*]" = YES;
				"INFOPLIST_KEY_UIApplicationSupportsIndirectInputEvents[sdk=iphonesimulator*]" = YES;
				"INFOPLIST_KEY_UILaunchScreen_Generation[sdk=iphoneos*]" = YES;
				"INFOPLIST_KEY_UILaunchScreen_Generation[sdk=iphonesimulator*]" = YES;
				"INFOPLIST_KEY_UIStatusBarStyle[sdk=iphoneos*]" = UIStatusBarStyleDefault;
				"INFOPLIST_KEY_UIStatusBarStyle[sdk=iphonesimulator*]" = UIStatusBarStyleDefault;
				INFOPLIST_KEY_UISupportedInterfaceOrientations_iPad = "UIInterfaceOrientationPortrait UIInterfaceOrientationPortraitUpsideDown UIInterfaceOrientationLandscapeLeft UIInterfaceOrientationLandscapeRight";
				INFOPLIST_KEY_UISupportedInterfaceOrientations_iPhone = "UIInterfaceOrientationPortrait UIInterfaceOrientationLandscapeLeft UIInterfaceOrientationLandscapeRight";
				IPHONEOS_DEPLOYMENT_TARGET = 18.4;
				LD_RUNPATH_SEARCH_PATHS = "@executable_path/Frameworks";
				"LD_RUNPATH_SEARCH_PATHS[sdk=macosx*]" = "@executable_path/../Frameworks";
				MACOSX_DEPLOYMENT_TARGET = 15.3;
				MARKETING_VERSION = 1.0.0;
				PRODUCT_BUNDLE_IDENTIFIER = com.kevinhomorales.devlokosonlinedocswiftui;
				PRODUCT_NAME = "$(TARGET_NAME)";
				REGISTER_APP_GROUPS = YES;
				SDKROOT = auto;
				SUPPORTED_PLATFORMS = "iphoneos iphonesimulator";
				SUPPORTS_MACCATALYST = NO;
				SWIFT_EMIT_LOC_STRINGS = YES;
				SWIFT_VERSION = 5.0;
				TARGETED_DEVICE_FAMILY = "1,2";
				XROS_DEPLOYMENT_TARGET = 2.4;
			};
			name = Debug;
		};
		2A2FF63D2D9C6BBC00A81EB1 /* Release */ = {
			isa = XCBuildConfiguration;
			buildSettings = {
				ASSETCATALOG_COMPILER_APPICON_NAME = AppIcon;
				ASSETCATALOG_COMPILER_GLOBAL_ACCENT_COLOR_NAME = AccentColor;
				CODE_SIGN_ENTITLEMENTS = DevLokosOnlineDocSwiftUI/DevLokosOnlineDocSwiftUI.entitlements;
				CODE_SIGN_STYLE = Automatic;
				CURRENT_PROJECT_VERSION = 100;
				DEVELOPMENT_TEAM = 5S22W76BBZ;
				ENABLE_HARDENED_RUNTIME = YES;
				ENABLE_PREVIEWS = YES;
				GENERATE_INFOPLIST_FILE = YES;
				INFOPLIST_KEY_CFBundleDisplayName = "Online Doc";
				"INFOPLIST_KEY_UIApplicationSceneManifest_Generation[sdk=iphoneos*]" = YES;
				"INFOPLIST_KEY_UIApplicationSceneManifest_Generation[sdk=iphonesimulator*]" = YES;
				"INFOPLIST_KEY_UIApplicationSupportsIndirectInputEvents[sdk=iphoneos*]" = YES;
				"INFOPLIST_KEY_UIApplicationSupportsIndirectInputEvents[sdk=iphonesimulator*]" = YES;
				"INFOPLIST_KEY_UILaunchScreen_Generation[sdk=iphoneos*]" = YES;
				"INFOPLIST_KEY_UILaunchScreen_Generation[sdk=iphonesimulator*]" = YES;
				"INFOPLIST_KEY_UIStatusBarStyle[sdk=iphoneos*]" = UIStatusBarStyleDefault;
				"INFOPLIST_KEY_UIStatusBarStyle[sdk=iphonesimulator*]" = UIStatusBarStyleDefault;
				INFOPLIST_KEY_UISupportedInterfaceOrientations_iPad = "UIInterfaceOrientationPortrait UIInterfaceOrientationPortraitUpsideDown UIInterfaceOrientationLandscapeLeft UIInterfaceOrientationLandscapeRight";
				INFOPLIST_KEY_UISupportedInterfaceOrientations_iPhone = "UIInterfaceOrientationPortrait UIInterfaceOrientationLandscapeLeft UIInterfaceOrientationLandscapeRight";
				IPHONEOS_DEPLOYMENT_TARGET = 18.4;
				LD_RUNPATH_SEARCH_PATHS = "@executable_path/Frameworks";
				"LD_RUNPATH_SEARCH_PATHS[sdk=macosx*]" = "@executable_path/../Frameworks";
				MACOSX_DEPLOYMENT_TARGET = 15.3;
				MARKETING_VERSION = 1.0.0;
				PRODUCT_BUNDLE_IDENTIFIER = com.kevinhomorales.devlokosonlinedocswiftui;
				PRODUCT_NAME = "$(TARGET_NAME)";
				REGISTER_APP_GROUPS = YES;
				SDKROOT = auto;
				SUPPORTED_PLATFORMS = "iphoneos iphonesimulator";
				SUPPORTS_MACCATALYST = NO;
				SWIFT_EMIT_LOC_STRINGS = YES;
				SWIFT_VERSION = 5.0;
				TARGETED_DEVICE_FAMILY = "1,2";
				XROS_DEPLOYMENT_TARGET = 2.4;
			};
			name = Release;
		};
		2A2FF63F2D9C6BBC00A81EB1 /* Debug */ = {
			isa = XCBuildConfiguration;
			buildSettings = {
				BUNDLE_LOADER = "$(TEST_HOST)";
				CODE_SIGN_STYLE = Automatic;
				CURRENT_PROJECT_VERSION = 1;
				DEVELOPMENT_TEAM = 5S22W76BBZ;
				GENERATE_INFOPLIST_FILE = YES;
				IPHONEOS_DEPLOYMENT_TARGET = 18.4;
				MACOSX_DEPLOYMENT_TARGET = 15.3;
				MARKETING_VERSION = 1.0;
				PRODUCT_BUNDLE_IDENTIFIER = com.kevinhomorales.DevLokosOnlineDocSwiftUITests;
				PRODUCT_NAME = "$(TARGET_NAME)";
				SDKROOT = auto;
				SUPPORTED_PLATFORMS = "iphoneos iphonesimulator macosx xros xrsimulator";
				SWIFT_EMIT_LOC_STRINGS = NO;
				SWIFT_VERSION = 5.0;
				TARGETED_DEVICE_FAMILY = "1,2,7";
				TEST_HOST = "$(BUILT_PRODUCTS_DIR)/DevLokosOnlineDocSwiftUI.app/$(BUNDLE_EXECUTABLE_FOLDER_PATH)/DevLokosOnlineDocSwiftUI";
				XROS_DEPLOYMENT_TARGET = 2.4;
			};
			name = Debug;
		};
		2A2FF6402D9C6BBC00A81EB1 /* Release */ = {
			isa = XCBuildConfiguration;
			buildSettings = {
				BUNDLE_LOADER = "$(TEST_HOST)";
				CODE_SIGN_STYLE = Automatic;
				CURRENT_PROJECT_VERSION = 1;
				DEVELOPMENT_TEAM = 5S22W76BBZ;
				GENERATE_INFOPLIST_FILE = YES;
				IPHONEOS_DEPLOYMENT_TARGET = 18.4;
				MACOSX_DEPLOYMENT_TARGET = 15.3;
				MARKETING_VERSION = 1.0;
				PRODUCT_BUNDLE_IDENTIFIER = com.kevinhomorales.DevLokosOnlineDocSwiftUITests;
				PRODUCT_NAME = "$(TARGET_NAME)";
				SDKROOT = auto;
				SUPPORTED_PLATFORMS = "iphoneos iphonesimulator macosx xros xrsimulator";
				SWIFT_EMIT_LOC_STRINGS = NO;
				SWIFT_VERSION = 5.0;
				TARGETED_DEVICE_FAMILY = "1,2,7";
				TEST_HOST = "$(BUILT_PRODUCTS_DIR)/DevLokosOnlineDocSwiftUI.app/$(BUNDLE_EXECUTABLE_FOLDER_PATH)/DevLokosOnlineDocSwiftUI";
				XROS_DEPLOYMENT_TARGET = 2.4;
			};
			name = Release;
		};
		2A2FF6422D9C6BBC00A81EB1 /* Debug */ = {
			isa = XCBuildConfiguration;
			buildSettings = {
				CODE_SIGN_STYLE = Automatic;
				CURRENT_PROJECT_VERSION = 1;
				DEVELOPMENT_TEAM = 5S22W76BBZ;
				GENERATE_INFOPLIST_FILE = YES;
				IPHONEOS_DEPLOYMENT_TARGET = 18.4;
				MACOSX_DEPLOYMENT_TARGET = 15.3;
				MARKETING_VERSION = 1.0;
				PRODUCT_BUNDLE_IDENTIFIER = com.kevinhomorales.DevLokosOnlineDocSwiftUIUITests;
				PRODUCT_NAME = "$(TARGET_NAME)";
				SDKROOT = auto;
				SUPPORTED_PLATFORMS = "iphoneos iphonesimulator macosx xros xrsimulator";
				SWIFT_EMIT_LOC_STRINGS = NO;
				SWIFT_VERSION = 5.0;
				TARGETED_DEVICE_FAMILY = "1,2,7";
				TEST_TARGET_NAME = DevLokosOnlineDocSwiftUI;
				XROS_DEPLOYMENT_TARGET = 2.4;
			};
			name = Debug;
		};
		2A2FF6432D9C6BBC00A81EB1 /* Release */ = {
			isa = XCBuildConfiguration;
			buildSettings = {
				CODE_SIGN_STYLE = Automatic;
				CURRENT_PROJECT_VERSION = 1;
				DEVELOPMENT_TEAM = 5S22W76BBZ;
				GENERATE_INFOPLIST_FILE = YES;
				IPHONEOS_DEPLOYMENT_TARGET = 18.4;
				MACOSX_DEPLOYMENT_TARGET = 15.3;
				MARKETING_VERSION = 1.0;
				PRODUCT_BUNDLE_IDENTIFIER = com.kevinhomorales.DevLokosOnlineDocSwiftUIUITests;
				PRODUCT_NAME = "$(TARGET_NAME)";
				SDKROOT = auto;
				SUPPORTED_PLATFORMS = "iphoneos iphonesimulator macosx xros xrsimulator";
				SWIFT_EMIT_LOC_STRINGS = NO;
				SWIFT_VERSION = 5.0;
				TARGETED_DEVICE_FAMILY = "1,2,7";
				TEST_TARGET_NAME = DevLokosOnlineDocSwiftUI;
				XROS_DEPLOYMENT_TARGET = 2.4;
			};
			name = Release;
		};
/* End XCBuildConfiguration section */

/* Begin XCConfigurationList section */
		2A2FF6142D9C6BBA00A81EB1 /* Build configuration list for PBXProject "DevLokosOnlineDocSwiftUI" */ = {
			isa = XCConfigurationList;
			buildConfigurations = (
				2A2FF6392D9C6BBC00A81EB1 /* Debug */,
				2A2FF63A2D9C6BBC00A81EB1 /* Release */,
			);
			defaultConfigurationIsVisible = 0;
			defaultConfigurationName = Release;
		};
		2A2FF63B2D9C6BBC00A81EB1 /* Build configuration list for PBXNativeTarget "DevLokosOnlineDocSwiftUI" */ = {
			isa = XCConfigurationList;
			buildConfigurations = (
				2A2FF63C2D9C6BBC00A81EB1 /* Debug */,
				2A2FF63D2D9C6BBC00A81EB1 /* Release */,
			);
			defaultConfigurationIsVisible = 0;
			defaultConfigurationName = Release;
		};
		2A2FF63E2D9C6BBC00A81EB1 /* Build configuration list for PBXNativeTarget "DevLokosOnlineDocSwiftUITests" */ = {
			isa = XCConfigurationList;
			buildConfigurations = (
				2A2FF63F2D9C6BBC00A81EB1 /* Debug */,
				2A2FF6402D9C6BBC00A81EB1 /* Release */,
			);
			defaultConfigurationIsVisible = 0;
			defaultConfigurationName = Release;
		};
		2A2FF6412D9C6BBC00A81EB1 /* Build configuration list for PBXNativeTarget "DevLokosOnlineDocSwiftUIUITests" */ = {
			isa = XCConfigurationList;
			buildConfigurations = (
				2A2FF6422D9C6BBC00A81EB1 /* Debug */,
				2A2FF6432D9C6BBC00A81EB1 /* Release */,
			);
			defaultConfigurationIsVisible = 0;
			defaultConfigurationName = Release;
		};
/* End XCConfigurationList section */

/* Begin XCRemoteSwiftPackageReference section */
		2A2FF6512D9C6CA000A81EB1 /* XCRemoteSwiftPackageReference "firebase-ios-sdk" */ = {
			isa = XCRemoteSwiftPackageReference;
			repositoryURL = "https://github.com/firebase/firebase-ios-sdk";
			requirement = {
				kind = upToNextMajorVersion;
				minimumVersion = 11.11.0;
			};
		};
/* End XCRemoteSwiftPackageReference section */

/* Begin XCSwiftPackageProductDependency section */
		2A2FF6522D9C6CA000A81EB1 /* FirebaseAnalytics */ = {
			isa = XCSwiftPackageProductDependency;
			package = 2A2FF6512D9C6CA000A81EB1 /* XCRemoteSwiftPackageReference "firebase-ios-sdk" */;
			productName = FirebaseAnalytics;
		};
		2A2FF6542D9C6CA000A81EB1 /* FirebaseFirestore */ = {
			isa = XCSwiftPackageProductDependency;
			package = 2A2FF6512D9C6CA000A81EB1 /* XCRemoteSwiftPackageReference "firebase-ios-sdk" */;
			productName = FirebaseFirestore;
		};
		2A2FF65E2D9C6D2300A81EB1 /* FirebaseAuth */ = {
			isa = XCSwiftPackageProductDependency;
			package = 2A2FF6512D9C6CA000A81EB1 /* XCRemoteSwiftPackageReference "firebase-ios-sdk" */;
			productName = FirebaseAuth;
		};
/* End XCSwiftPackageProductDependency section */
	};
	rootObject = 2A2FF6112D9C6BBA00A81EB1 /* Project object */;
}
